
Microsoft Visual Studio Solution File, Format Version 12.00
# Visual Studio 2012
Project("{8BC9CEB8-8B4A-11D0-8D11-00A0C91BC942}") = "ConsoleApplication3", "ConsoleApplication3\ConsoleApplication3.vcxproj", "{36A40A44-E35E-4F38-B2FD-779E7B7E580C}"
EndProject
Project("{8BC9CEB8-8B4A-11D0-8D11-00A0C91BC942}") = "ConsoleApplication2", "..\ConsoleApplication2\ConsoleApplication2\ConsoleApplication2.vcxproj", "{5B4D823D-58FB-4263-9928-0FC7FF969698}"
EndProject
Global
	GlobalSection(SolutionConfigurationPlatforms) = preSolution
		Debug|Win32 = Debug|Win32
		Release|Win32 = Release|Win32
	EndGlobalSection
	GlobalSection(ProjectConfigurationPlatforms) = postSolution
		{36A40A44-E35E-4F38-B2FD-779E7B7E580C}.Debug|Win32.ActiveCfg = Debug|Win32
		{36A40A44-E35E-4F38-B2FD-779E7B7E580C}.Debug|Win32.Build.0 = Debug|Win32
		{36A40A44-E35E-4F38-B2FD-779E7B7E580C}.Release|Win32.ActiveCfg = Release|Win32
		{36A40A44-E35E-4F38-B2FD-779E7B7E580C}.Release|Win32.Build.0 = Release|Win32
		{5B4D823D-58FB-4263-9928-0FC7FF969698}.Debug|Win32.ActiveCfg = Debug|Win32
		{5B4D823D-58FB-4263-9928-0FC7FF969698}.Debug|Win32.Build.0 = Debug|Win32
		{5B4D823D-58FB-4263-9928-0FC7FF969698}.Release|Win32.ActiveCfg = Release|Win32
		{5B4D823D-58FB-4263-9928-0FC7FF969698}.Release|Win32.Build.0 = Release|Win32
	EndGlobalSection
	GlobalSection(SolutionProperties) = preSolution
		HideSolutionNode = FALSE
	EndGlobalSection
EndGlobal
